// !$*UTF8*$!
{
	archiveVersion = 1;
	classes = {
	};
	objectVersion = 46;
	objects = {

/* Begin PBXBuildFile section */
		FF628D711B958B650036139B /* main.m in Sources */ = {isa = PBXBuildFile; fileRef = FF628D701B958B650036139B /* main.m */; };
		FF628D741B958B650036139B /* AppDelegate.m in Sources */ = {isa = PBXBuildFile; fileRef = FF628D731B958B650036139B /* AppDelegate.m */; };
		FF628D771B958B650036139B /* ViewController.m in Sources */ = {isa = PBXBuildFile; fileRef = FF628D761B958B650036139B /* ViewController.m */; };
		FF628D7A1B958B650036139B /* Main.storyboard in Resources */ = {isa = PBXBuildFile; fileRef = FF628D781B958B650036139B /* Main.storyboard */; };
		FF628D7C1B958B650036139B /* Images.xcassets in Resources */ = {isa = PBXBuildFile; fileRef = FF628D7B1B958B650036139B /* Images.xcassets */; };
		FF628D7F1B958B650036139B /* LaunchScreen.xib in Resources */ = {isa = PBXBuildFile; fileRef = FF628D7D1B958B650036139B /* LaunchScreen.xib */; };
		FF628D8B1B958B650036139B /* NSUserDefault_challengeTests.m in Sources */ = {isa = PBXBuildFile; fileRef = FF628D8A1B958B650036139B /* NSUserDefault_challengeTests.m */; };
/* End PBXBuildFile section */

/* Begin PBXContainerItemProxy section */
		FF628D851B958B650036139B /* PBXContainerItemProxy */ = {
			isa = PBXContainerItemProxy;
			containerPortal = FF628D631B958B650036139B /* Project object */;
			proxyType = 1;
			remoteGlobalIDString = FF628D6A1B958B650036139B;
			remoteInfo = "NSUserDefault challenge";
		};
/* End PBXContainerItemProxy section */

/* Begin PBXFileReference section */
		FF628D6B1B958B650036139B /* NSUserDefault challenge.app */ = {isa = PBXFileReference; explicitFileType = wrapper.application; includeInIndex = 0; path = "NSUserDefault challenge.app"; sourceTree = BUILT_PRODUCTS_DIR; };
		FF628D6F1B958B650036139B /* Info.plist */ = {isa = PBXFileReference; lastKnownFileType = text.plist.xml; path = Info.plist; sourceTree = "<group>"; };
		FF628D701B958B650036139B /* main.m */ = {isa = PBXFileReference; lastKnownFileType = sourcecode.c.objc; path = main.m; sourceTree = "<group>"; };
		FF628D721B958B650036139B /* AppDelegate.h */ = {isa = PBXFileReference; lastKnownFileType = sourcecode.c.h; path = AppDelegate.h; sourceTree = "<group>"; };
		FF628D731B958B650036139B /* AppDelegate.m */ = {isa = PBXFileReference; lastKnownFileType = sourcecode.c.objc; path = AppDelegate.m; sourceTree = "<group>"; };
		FF628D751B958B650036139B /* ViewController.h */ = {isa = PBXFileReference; lastKnownFileType = sourcecode.c.h; path = ViewController.h; sourceTree = "<group>"; };
		FF628D761B958B650036139B /* ViewController.m */ = {isa = PBXFileReference; lastKnownFileType = sourcecode.c.objc; path = ViewController.m; sourceTree = "<group>"; };
		FF628D791B958B650036139B /* Base */ = {isa = PBXFileReference; lastKnownFileType = file.storyboard; name = Base; path = Base.lproj/Main.storyboard; sourceTree = "<group>"; };
		FF628D7B1B958B650036139B /* Images.xcassets */ = {isa = PBXFileReference; lastKnownFileType = folder.assetcatalog; path = Images.xcassets; sourceTree = "<group>"; };
		FF628D7E1B958B650036139B /* Base */ = {isa = PBXFileReference; lastKnownFileType = file.xib; name = Base; path = Base.lproj/LaunchScreen.xib; sourceTree = "<group>"; };
		FF628D841B958B650036139B /* NSUserDefault challengeTests.xctest */ = {isa = PBXFileReference; explicitFileType = wrapper.cfbundle; includeInIndex = 0; path = "NSUserDefault challengeTests.xctest"; sourceTree = BUILT_PRODUCTS_DIR; };
		FF628D891B958B650036139B /* Info.plist */ = {isa = PBXFileReference; lastKnownFileType = text.plist.xml; path = Info.plist; sourceTree = "<group>"; };
		FF628D8A1B958B650036139B /* NSUserDefault_challengeTests.m */ = {isa = PBXFileReference; lastKnownFileType = sourcecode.c.objc; path = NSUserDefault_challengeTests.m; sourceTree = "<group>"; };
/* End PBXFileReference section */

/* Begin PBXFrameworksBuildPhase section */
		FF628D681B958B650036139B /* Frameworks */ = {
			isa = PBXFrameworksBuildPhase;
			buildActionMask = 2147483647;
			files = (
			);
			runOnlyForDeploymentPostprocessing = 0;
		};
		FF628D811B958B650036139B /* Frameworks */ = {
			isa = PBXFrameworksBuildPhase;
			buildActionMask = 2147483647;
			files = (
			);
			runOnlyForDeploymentPostprocessing = 0;
		};
/* End PBXFrameworksBuildPhase section */

/* Begin PBXGroup section */
		FF628D621B958B650036139B = {
			isa = PBXGroup;
			children = (
				FF628D6D1B958B650036139B /* NSUserDefault challenge */,
				FF628D871B958B650036139B /* NSUserDefault challengeTests */,
				FF628D6C1B958B650036139B /* Products */,
			);
			sourceTree = "<group>";
		};
		FF628D6C1B958B650036139B /* Products */ = {
			isa = PBXGroup;
			children = (
				FF628D6B1B958B650036139B /* NSUserDefault challenge.app */,
				FF628D841B958B650036139B /* NSUserDefault challengeTests.xctest */,
			);
			name = Products;
			sourceTree = "<group>";
		};
		FF628D6D1B958B650036139B /* NSUserDefault challenge */ = {
			isa = PBXGroup;
			children = (
				FF628D721B958B650036139B /* AppDelegate.h */,
				FF628D731B958B650036139B /* AppDelegate.m */,
				FF628D751B958B650036139B /* ViewController.h */,
				FF628D761B958B650036139B /* ViewController.m */,
				FF628D781B958B650036139B /* Main.storyboard */,
				FF628D7B1B958B650036139B /* Images.xcassets */,
				FF628D7D1B958B650036139B /* LaunchScreen.xib */,
				FF628D6E1B958B650036139B /* Supporting Files */,
			);
			path = "NSUserDefault challenge";
			sourceTree = "<group>";
		};
		FF628D6E1B958B650036139B /* Supporting Files */ = {
			isa = PBXGroup;
			children = (
				FF628D6F1B958B650036139B /* Info.plist */,
				FF628D701B958B650036139B /* main.m */,
			);
			name = "Supporting Files";
			sourceTree = "<group>";
		};
		FF628D871B958B650036139B /* NSUserDefault challengeTests */ = {
			isa = PBXGroup;
			children = (
				FF628D8A1B958B650036139B /* NSUserDefault_challengeTests.m */,
				FF628D881B958B650036139B /* Supporting Files */,
			);
			path = "NSUserDefault challengeTests";
			sourceTree = "<group>";
		};
		FF628D881B958B650036139B /* Supporting Files */ = {
			isa = PBXGroup;
			children = (
				FF628D891B958B650036139B /* Info.plist */,
			);
			name = "Supporting Files";
			sourceTree = "<group>";
		};
/* End PBXGroup section */

/* Begin PBXNativeTarget section */
		FF628D6A1B958B650036139B /* NSUserDefault challenge */ = {
			isa = PBXNativeTarget;
			buildConfigurationList = FF628D8E1B958B650036139B /* Build configuration list for PBXNativeTarget "NSUserDefault challenge" */;
			buildPhases = (
				FF628D671B958B650036139B /* Sources */,
				FF628D681B958B650036139B /* Frameworks */,
				FF628D691B958B650036139B /* Resources */,
			);
			buildRules = (
			);
			dependencies = (
			);
			name = "NSUserDefault challenge";
			productName = "NSUserDefault challenge";
			productReference = FF628D6B1B958B650036139B /* NSUserDefault challenge.app */;
			productType = "com.apple.product-type.application";
		};
		FF628D831B958B650036139B /* NSUserDefault challengeTests */ = {
			isa = PBXNativeTarget;
			buildConfigurationList = FF628D911B958B650036139B /* Build configuration list for PBXNativeTarget "NSUserDefault challengeTests" */;
			buildPhases = (
				FF628D801B958B650036139B /* Sources */,
				FF628D811B958B650036139B /* Frameworks */,
				FF628D821B958B650036139B /* Resources */,
			);
			buildRules = (
			);
			dependencies = (
				FF628D861B958B650036139B /* PBXTargetDependency */,
			);
			name = "NSUserDefault challengeTests";
			productName = "NSUserDefault challengeTests";
			productReference = FF628D841B958B650036139B /* NSUserDefault challengeTests.xctest */;
			productType = "com.apple.product-type.bundle.unit-test";
		};
/* End PBXNativeTarget section */

/* Begin PBXProject section */
		FF628D631B958B650036139B /* Project object */ = {
			isa = PBXProject;
			attributes = {
				LastUpgradeCheck = 0640;
				ORGANIZATIONNAME = "Adriano Falleti";
				TargetAttributes = {
					FF628D6A1B958B650036139B = {
						CreatedOnToolsVersion = 6.4;
					};
					FF628D831B958B650036139B = {
						CreatedOnToolsVersion = 6.4;
						TestTargetID = FF628D6A1B958B650036139B;
					};
				};
			};
			buildConfigurationList = FF628D661B958B650036139B /* Build configuration list for PBXProject "NSUserDefault challenge" */;
			compatibilityVersion = "Xcode 3.2";
			developmentRegion = English;
			hasScannedForEncodings = 0;
			knownRegions = (
				en,
				Base,
			);
			mainGroup = FF628D621B958B650036139B;
			productRefGroup = FF628D6C1B958B650036139B /* Products */;
			projectDirPath = "";
			projectRoot = "";
			targets = (
				FF628D6A1B958B650036139B /* NSUserDefault challenge */,
				FF628D831B958B650036139B /* NSUserDefault challengeTests */,
			);
		};
/* End PBXProject section */

/* Begin PBXResourcesBuildPhase section */
		FF628D691B958B650036139B /* Resources */ = {
			isa = PBXResourcesBuildPhase;
			buildActionMask = 2147483647;
			files = (
				FF628D7A1B958B650036139B /* Main.storyboard in Resources */,
				FF628D7F1B958B650036139B /* LaunchScreen.xib in Resources */,
				FF628D7C1B958B650036139B /* Images.xcassets in Resources */,
			);
			runOnlyForDeploymentPostprocessing = 0;
		};
		FF628D821B958B650036139B /* Resources */ = {
			isa = PBXResourcesBuildPhase;
			buildActionMask = 2147483647;
			files = (
			);
			runOnlyForDeploymentPostprocessing = 0;
		};
/* End PBXResourcesBuildPhase section */

/* Begin PBXSourcesBuildPhase section */
		FF628D671B958B650036139B /* Sources */ = {
			isa = PBXSourcesBuildPhase;
			buildActionMask = 2147483647;
			files = (
				FF628D771B958B650036139B /* ViewController.m in Sources */,
				FF628D741B958B650036139B /* AppDelegate.m in Sources */,
				FF628D711B958B650036139B /* main.m in Sources */,
			);
			runOnlyForDeploymentPostprocessing = 0;
		};
		FF628D801B958B650036139B /* Sources */ = {
			isa = PBXSourcesBuildPhase;
			buildActionMask = 2147483647;
			files = (
				FF628D8B1B958B650036139B /* NSUserDefault_challengeTests.m in Sources */,
			);
			runOnlyForDeploymentPostprocessing = 0;
		};
/* End PBXSourcesBuildPhase section */

/* Begin PBXTargetDependency section */
		FF628D861B958B650036139B /* PBXTargetDependency */ = {
			isa = PBXTargetDependency;
			target = FF628D6A1B958B650036139B /* NSUserDefault challenge */;
			targetProxy = FF628D851B958B650036139B /* PBXContainerItemProxy */;
		};
/* End PBXTargetDependency section */

/* Begin PBXVariantGroup section */
		FF628D781B958B650036139B /* Main.storyboard */ = {
			isa = PBXVariantGroup;
			children = (
				FF628D791B958B650036139B /* Base */,
			);
			name = Main.storyboard;
			sourceTree = "<group>";
		};
		FF628D7D1B958B650036139B /* LaunchScreen.xib */ = {
			isa = PBXVariantGroup;
			children = (
				FF628D7E1B958B650036139B /* Base */,
			);
			name = LaunchScreen.xib;
			sourceTree = "<group>";
		};
/* End PBXVariantGroup section */

/* Begin XCBuildConfiguration section */
		FF628D8C1B958B650036139B /* Debug */ = {
			isa = XCBuildConfiguration;
			buildSettings = {
				ALWAYS_SEARCH_USER_PATHS = NO;
				CLANG_CXX_LANGUAGE_STANDARD = "gnu++0x";
				CLANG_CXX_LIBRARY = "libc++";
				CLANG_ENABLE_MODULES = YES;
				CLANG_ENABLE_OBJC_ARC = YES;
				CLANG_WARN_BOOL_CONVERSION = YES;
				CLANG_WARN_CONSTANT_CONVERSION = YES;
				CLANG_WARN_DIRECT_OBJC_ISA_USAGE = YES_ERROR;
				CLANG_WARN_EMPTY_BODY = YES;
				CLANG_WARN_ENUM_CONVERSION = YES;
				CLANG_WARN_INT_CONVERSION = YES;
				CLANG_WARN_OBJC_ROOT_CLASS = YES_ERROR;
				CLANG_WARN_UNREACHABLE_CODE = YES;
				CLANG_WARN__DUPLICATE_METHOD_MATCH = YES;
				"CODE_SIGN_IDENTITY[sdk=iphoneos*]" = "iPhone Developer";
				COPY_PHASE_STRIP = NO;
				DEBUG_INFORMATION_FORMAT = "dwarf-with-dsym";
				ENABLE_STRICT_OBJC_MSGSEND = YES;
				GCC_C_LANGUAGE_STANDARD = gnu99;
				GCC_DYNAMIC_NO_PIC = NO;
				GCC_NO_COMMON_BLOCKS = YES;
				GCC_OPTIMIZATION_LEVEL = 0;
				GCC_PREPROCESSOR_DEFINITIONS = (
					"DEBUG=1",
					"$(inherited)",
				);
				GCC_SYMBOLS_PRIVATE_EXTERN = NO;
				GCC_WARN_64_TO_32_BIT_CONVERSION = YES;
				GCC_WARN_ABOUT_RETURN_TYPE = YES_ERROR;
				GCC_WARN_UNDECLARED_SELECTOR = YES;
				GCC_WARN_UNINITIALIZED_AUTOS = YES_AGGRESSIVE;
				GCC_WARN_UNUSED_FUNCTION = YES;
				GCC_WARN_UNUSED_VARIABLE = YES;
				IPHONEOS_DEPLOYMENT_TARGET = 8.4;
				MTL_ENABLE_DEBUG_INFO = YES;
				ONLY_ACTIVE_ARCH = YES;
				SDKROOT = iphoneos;
			};
			name = Debug;
		};
		FF628D8D1B958B650036139B /* Release */ = {
			isa = XCBuildConfiguration;
			buildSettings = {
				ALWAYS_SEARCH_USER_PATHS = NO;
				CLANG_CXX_LANGUAGE_STANDARD = "gnu++0x";
				CLANG_CXX_LIBRARY = "libc++";
				CLANG_ENABLE_MODULES = YES;
				CLANG_ENABLE_OBJC_ARC = YES;
				CLANG_WARN_BOOL_CONVERSION = YES;
				CLANG_WARN_CONSTANT_CONVERSION = YES;
				CLANG_WARN_DIRECT_OBJC_ISA_USAGE = YES_ERROR;
				CLANG_WARN_EMPTY_BODY = YES;
				CLANG_WARN_ENUM_CONVERSION = YES;
				CLANG_WARN_INT_CONVERSION = YES;
				CLANG_WARN_OBJC_ROOT_CLASS = YES_ERROR;
				CLANG_WARN_UNREACHABLE_CODE = YES;
				CLANG_WARN__DUPLICATE_METHOD_MATCH = YES;
				"CODE_SIGN_IDENTITY[sdk=iphoneos*]" = "iPhone Developer";
				COPY_PHASE_STRIP = NO;
				DEBUG_INFORMATION_FORMAT = "dwarf-with-dsym";
				ENABLE_NS_ASSERTIONS = NO;
				ENABLE_STRICT_OBJC_MSGSEND = YES;
				GCC_C_LANGUAGE_STANDARD = gnu99;
				GCC_NO_COMMON_BLOCKS = YES;
				GCC_WARN_64_TO_32_BIT_CONVERSION = YES;
				GCC_WARN_ABOUT_RETURN_TYPE = YES_ERROR;
				GCC_WARN_UNDECLARED_SELECTOR = YES;
				GCC_WARN_UNINITIALIZED_AUTOS = YES_AGGRESSIVE;
				GCC_WARN_UNUSED_FUNCTION = YES;
				GCC_WARN_UNUSED_VARIABLE = YES;
				IPHONEOS_DEPLOYMENT_TARGET = 8.4;
				MTL_ENABLE_DEBUG_INFO = NO;
				SDKROOT = iphoneos;
				VALIDATE_PRODUCT = YES;
			};
			name = Release;
		};
		FF628D8F1B958B650036139B /* Debug */ = {
			isa = XCBuildConfiguration;
			buildSettings = {
				ASSETCATALOG_COMPILER_APPICON_NAME = AppIcon;
				INFOPLIST_FILE = "NSUserDefault challenge/Info.plist";
				LD_RUNPATH_SEARCH_PATHS = "$(inherited) @executable_path/Frameworks";
				PRODUCT_NAME = "$(TARGET_NAME)";
			};
			name = Debug;
		};
		FF628D901B958B650036139B /* Release */ = {
			isa = XCBuildConfiguration;
			buildSettings = {
				ASSETCATALOG_COMPILER_APPICON_NAME = AppIcon;
				INFOPLIST_FILE = "NSUserDefault challenge/Info.plist";
				LD_RUNPATH_SEARCH_PATHS = "$(inherited) @executable_path/Frameworks";
				PRODUCT_NAME = "$(TARGET_NAME)";
			};
			name = Release;
		};
		FF628D921B958B650036139B /* Debug */ = {
			isa = XCBuildConfiguration;
			buildSettings = {
				BUNDLE_LOADER = "$(TEST_HOST)";
				FRAMEWORK_SEARCH_PATHS = (
					"$(SDKROOT)/Developer/Library/Frameworks",
					"$(inherited)",
				);
				GCC_PREPROCESSOR_DEFINITIONS = (
					"DEBUG=1",
					"$(inherited)",
				);
				INFOPLIST_FILE = "NSUserDefault challengeTests/Info.plist";
				LD_RUNPATH_SEARCH_PATHS = "$(inherited) @executable_path/Frameworks @loader_path/Frameworks";
				PRODUCT_NAME = "$(TARGET_NAME)";
				TEST_HOST = "$(BUILT_PRODUCTS_DIR)/NSUserDefault challenge.app/NSUserDefault challenge";
			};
			name = Debug;
		};
		FF628D931B958B650036139B /* Release */ = {
			isa = XCBuildConfiguration;
			buildSettings = {
				BUNDLE_LOADER = "$(TEST_HOST)";
				FRAMEWORK_SEARCH_PATHS = (
					"$(SDKROOT)/Developer/Library/Frameworks",
					"$(inherited)",
				);
				INFOPLIST_FILE = "NSUserDefault challengeTests/Info.plist";
				LD_RUNPATH_SEARCH_PATHS = "$(inherited) @executable_path/Frameworks @loader_path/Frameworks";
				PRODUCT_NAME = "$(TARGET_NAME)";
				TEST_HOST = "$(BUILT_PRODUCTS_DIR)/NSUserDefault challenge.app/NSUserDefault challenge";
			};
			name = Release;
		};
/* End XCBuildConfiguration section */

/* Begin XCConfigurationList section */
		FF628D661B958B650036139B /* Build configuration list for PBXProject "NSUserDefault challenge" */ = {
			isa = XCConfigurationList;
			buildConfigurations = (
				FF628D8C1B958B650036139B /* Debug */,
				FF628D8D1B958B650036139B /* Release */,
			);
			defaultConfigurationIsVisible = 0;
			defaultConfigurationName = Release;
		};
		FF628D8E1B958B650036139B /* Build configuration list for PBXNativeTarget "NSUserDefault challenge" */ = {
			isa = XCConfigurationList;
			buildConfigurations = (
				FF628D8F1B958B650036139B /* Debug */,
				FF628D901B958B650036139B /* Release */,
			);
			defaultConfigurationIsVisible = 0;
		};
		FF628D911B958B650036139B /* Build configuration list for PBXNativeTarget "NSUserDefault challengeTests" */ = {
			isa = XCConfigurationList;
			buildConfigurations = (
				FF628D921B958B650036139B /* Debug */,
				FF628D931B958B650036139B /* Release */,
			);
			defaultConfigurationIsVisible = 0;
		};
/* End XCConfigurationList section */
	};
	rootObject = FF628D631B958B650036139B /* Project object */;
}
